{
    "_meta": {
        "hash": {
            "sha256": "e5e4690c879fbae76c6b0635e9ef374957a0caddd83be2ccfbb521bf505c820a"
        },
        "pipfile-spec": 6,
        "requires": {
            "python_version": "3"
        },
        "sources": [
            {
                "name": "pypi",
                "url": "https://pypi.python.org/simple",
                "verify_ssl": true
            }
        ]
    },
    "default": {
        "bizdays": {
            "hashes": [
                "sha256:34213953d19ed32bd4344150bcfb05b5b5d5a5f35719894159cb05aae01a0b6d"
            ],
            "index": "pypi",
            "version": "==0.2.0"
        },
        "certifi": {
            "hashes": [
                "sha256:13e698f54293db9f89122b0581843a782ad0934a4fe0172d2a980ba77fc61bb7",
                "sha256:9fa520c1bacfb634fa7af20a76bcbd3d5fb390481724c597da32c719a7dca4b0"
            ],
            "version": "==2018.4.16"
        },
        "chardet": {
            "hashes": [
                "sha256:84ab92ed1c4d4f16916e05906b6b75a6c0fb5db821cc65e70cbd64a3e2a5eaae",
                "sha256:fc323ffcaeaed0e0a02bf4d117757b98aed530d9ed4531e3e15460124c106691"
            ],
            "version": "==3.0.4"
        },
        "idna": {
            "hashes": [
                "sha256:2c6a5de3089009e3da7c5dde64a141dbc8551d5b7f6cf4ed7c2568d0cc520a8f",
                "sha256:8c7309c718f94b3a625cb648ace320157ad16ff131ae0af362c9f21b80ef6ec4"
            ],
            "version": "==2.6"
        },
        "lml": {
            "hashes": [
                "sha256:12783c8851bb1b1aacf6d139aa41fb529e1723bff863e71034af07a55bf1e5a3",
                "sha256:58a11170ecb0ce5e4680ad8971f1e353b795d58953217d65c9a56e0d774261d6"
            ],
            "version": "==0.0.1"
        },
        "numpy": {
            "hashes": [
                "sha256:0d6d7bbcb54babaf39fe658bcc6f79641c9c62813c6d477802d783c7ba1a437c",
                "sha256:1dc831683f18c11e6b5b7ad3610b9f00417b8d3fc63a8adcdbe68844d9dd6f62",
                "sha256:2185a0f31ecaa0792264fa968c8e0ba6d96acf144b26e2e1d1cd5b77fc11a691",
                "sha256:3ed68b8ef0635e12b06c216d3ed33572d9c15b05a5a5d6ab870d073190c3eef3",
                "sha256:419dfe9bcb09d2e87ecf296c5ebf2b047c568419c89588acc9dbce6d2d761bea",
                "sha256:6105d909e56c4f3f173a7294154eee5da80853104e9c3ebcf9e523fb3bb6cf70",
                "sha256:7fbceea93b6877419d84516705a265dfc4626939a29107a4d04db599bf6cdf8d",
                "sha256:8d87ac65d830ee3087e6bd02b0201e68aed4c715ff2e227e3640e7ded38d8a2e",
                "sha256:939376b3b8d9bd42529a2713534c9bae7f11c774614d4d2f7f2a38cae96101f1",
                "sha256:9e6694912f13afd8b1e15aa8002e9c951a377c94080c5442de154d743a69b3ff",
                "sha256:a1b4a80d59658fc438716095deb1971c6315482b461d976f760d920b6509fd5d",
                "sha256:b037993dfb1175a68b6a2bfc6b1c2af57c09031d1332fea3ab25a539b43bd475",
                "sha256:b2b2741da83b1e016094b2fef2cadec1abd3ccd3d97428634ec6afe1dcb699b8",
                "sha256:be4664fe153ca6dbd961fb06f99b9b88b114ab44649376253b540aafbf42e469",
                "sha256:c0c4bdcb771a147cb14286e3aeb72267e1664652d4150b0df255f0c210166a62",
                "sha256:c5065b3aec37cd1b7ec2882b3ab86e200d15219a0fb96fea65a16c6b59d3c0f0",
                "sha256:d9ceb6c680ffbe55ef6cf9d93558e0ddb72d616b885d77c536920f3da2112703",
                "sha256:e6c24c83ca64d447a18f041bd53cbe96c74405f59939b6006755105583b62629",
                "sha256:eb6ccd2b47d43199ec9a7c39bd45e399ccb5756e7367aaf92ced3c46fa67b16b",
                "sha256:ef7a07f6a77658a1038e6d22e53458129c04a95b5770f080b5741320d9491e32",
                "sha256:f29a9c5607b0fded7a9f0871dbd06918a88cb0a465acfac5c67f92d1a4115d48",
                "sha256:f54114395aabe13c7c4e4b425145cfd998eaf0781e87a9e9b2e77426f1ec8a82",
                "sha256:f6a4ae8d5e1126bf4d8520a9aa6a82d067ab3ce7d21f58f0d50ead2aebda7bfb"
            ],
            "version": "==1.14.4"
        },
        "pandas": {
            "hashes": [
                "sha256:295cf212054b28f1d111f3ffff932a012601558424ec892f2450d6197f6eeb92",
                "sha256:29960ea1783c59fe86b323799b130592149e0f7bb739149e7fc512b0272d9fc3",
                "sha256:29dde0874d1efb8a346f8d919b0530a9ae788ad1003752376133e38df09e6fcb",
                "sha256:2d6b7b152a6ba44627c60df291f773c4438df01653abcbec7fc556d6039f1705",
                "sha256:5de7275fc7222211dcac603ea81f1e143c45f8ec41d2e21df71aad0c95c1097c",
                "sha256:7261b3567804a70714cc2591e2f7f1e372379db9e140f9d7ffb4b8884eaa48f7",
                "sha256:758b8f6c68bc99b2eb64e57092d3aa07bd68a774e92e7686e473e0d9c86a2309",
                "sha256:835c5a2aeaa3cb5ef2a1d771c75ee3a73d6ad1b82cfc54677c8f863c75fa51bd",
                "sha256:8398d7a47ae667a639ac4ee6724d7ef98602b5ff2b10b5b4d5e6ab45a8d596d2",
                "sha256:84ab1d50590cb2d9554211f164dc1b1a216bc94da2ba922aed2690c83f248fd9",
                "sha256:98054c04318ba46bb81433230c2e5fab6a68df916ccb5355d428907bfb16b257",
                "sha256:9e5ee41d1550ec36093c95e30644e313df4b57c1cdead545754d9c113aecbbb5",
                "sha256:d4495aba61060d87c634fc777ac15aecd1d176987e5ed0585a3ed7e2f4e6c1f7",
                "sha256:d5f72c8239e46cfcc363c7e532a474b7ea3d8892b7b6e5ec0da6b3ebae2a07d3",
                "sha256:d88f484a25ac212fd720b5f9b9686e83f86df2b091b51f4b7b1d9089bd842f79"
            ],
            "index": "pypi",
            "version": "==0.23.0"
        },
        "pyexcel": {
            "hashes": [
                "sha256:4c470a7059d54e1c24112008a3410d1ff16d65fc47fa32a87d9581f1d92db11e",
                "sha256:7554b140729eaa679c0d627d5a44c787cd7216a917fa61f3da9f6b91438c9d43"
            ],
            "index": "pypi",
            "version": "==0.5.8"
        },
        "pyexcel-io": {
            "hashes": [
                "sha256:5cf5ccf7750ca130640277f31178b6284a4f9f0f0d1d41f28f419b67ce26132b",
                "sha256:d0639851fce803c772ccf0b8ec975f212cb64b6681b63d67e89a2ea238c0afdb"
            ],
            "version": "==0.5.7"
        },
        "pyexcel-xls": {
            "hashes": [
                "sha256:60bba3e80a0aa6af62f8d8a0fdff292b2acba14c047374611986ae572c430a98",
                "sha256:6fed6e1beffb0a612602da62d80ebde71b645538021201018e564db9096fe67f"
            ],
            "index": "pypi",
            "version": "==0.5.7"
        },
        "python-dateutil": {
            "hashes": [
                "sha256:1adb80e7a782c12e52ef9a8182bebeb73f1d7e24e374397af06fb4956c8dc5c0",
                "sha256:e27001de32f627c22380a688bcc43ce83504a7bc5da472209b4c70f02829f0b8"
            ],
            "version": "==2.7.3"
        },
        "pytz": {
            "hashes": [
                "sha256:65ae0c8101309c45772196b21b74c46b2e5d11b6275c45d251b150d5da334555",
                "sha256:c06425302f2cf668f1bba7a0a03f3c1d34d4ebeef2c72003da308b3947c7f749"
            ],
            "version": "==2018.4"
        },
        "requests": {
            "hashes": [
                "sha256:6a1b267aa90cac58ac3a765d067950e7dbbf75b1da07e895d1f594193a40a38b",
                "sha256:9c443e7324ba5b85070c4a818ade28bfabedf16ea10206da1132edaa6dda237e"
            ],
            "index": "pypi",
            "version": "==2.18.4"
        },
        "six": {
            "hashes": [
                "sha256:70e8a77beed4562e7f14fe23a786b54f6296e34344c23bc42f07b15018ff98e9",
                "sha256:832dc0e10feb1aa2c68dcc57dbb658f1c7e65b9b61af69048abc87a2db00a0eb"
            ],
            "version": "==1.11.0"
        },
        "texttable": {
            "hashes": [
                "sha256:c89dc0148ae29645917aab7e970a30d1af565b3ca276cef8ab1a60469f0d8100"
            ],
            "version": "==1.2.1"
        },
        "tqdm": {
            "hashes": [
                "sha256:224291ee0d8c52d91b037fd90806f48c79bcd9994d3b0abc9e44b946a908fccd",
                "sha256:77b8424d41b31e68f437c6dd9cd567aebc9a860507cb42fbd880a5f822d966fe"
            ],
            "index": "pypi",
            "version": "==4.23.4"
        },
        "urllib3": {
            "hashes": [
                "sha256:06330f386d6e4b195fbfc736b297f58c5a892e4440e54d294d7004e3a9bbea1b",
                "sha256:cc44da8e1145637334317feebd728bd869a35285b93cbb4cca2577da7e62db4f"
            ],
            "version": "==1.22"
        },
        "xlrd": {
            "hashes": [
                "sha256:83a1d2f1091078fb3f65876753b5302c5cfb6a41de64b9587b74cefa75157148",
                "sha256:8a21885513e6d915fe33a8ee5fdfa675433b61405ba13e2a69e62ee36828d7e2"
            ],
            "index": "pypi",
            "version": "==1.1.0"
        },
        "xlsxwriter": {
            "hashes": [
                "sha256:05005a069da3fcadeb20ff9384d92e548096faf9ede9d6a538403fa8e0aae1f0",
                "sha256:bd4661c04a68621cb2ebc07c38b8b2e98e30bf213a16e1cf3675b61e26ca9bf2"
            ],
            "index": "pypi",
            "version": "==1.0.5"
        },
        "xlwt": {
            "hashes": [
                "sha256:a082260524678ba48a297d922cc385f58278b8aa68741596a87de01a9c628b2e",
                "sha256:c59912717a9b28f1a3c2a98fd60741014b06b043936dcecbc113eaaada156c88"
            ],
            "version": "==1.3.0"
        }
    },
    "develop": {}
}
